{
  "name": "new1",
  "version": "1.0.0",
  "lockfileVersion": 2,
  "requires": true,
  "packages": {
    "": {
      "name": "new1",
      "version": "1.0.0",
      "license": "ISC",
      "dependencies": {
        "@bel-lov/ajs": "github:bel-lov/ajs"
      }
    },
    "node_modules/@bel-lov/ajs": {
      "version": "1.0.0",
      "resolved": "git+ssh://git@github.com/bel-lov/ajs.git#33b0894e107f5c30a59f71a0b807fa0c8b3961f2",
      "license": "ISC"
    }
  },
  "dependencies": {
    "@bel-lov/ajs": {
      "version": "git+ssh://git@github.com/bel-lov/ajs.git#33b0894e107f5c30a59f71a0b807fa0c8b3961f2",
      "from": "@bel-lov/ajs@github:bel-lov/ajs"
    }
  }
}
